{
  "name": "array-foreach-parallel",
  "version": "1.0.0",
  "lockfileVersion": 1,
  "requires": true,
  "dependencies": {
    "promise-status-async": {
      "version": "1.1.9",
      "resolved": "https://registry.npmjs.org/promise-status-async/-/promise-status-async-1.1.9.tgz",
      "integrity": "sha512-shqCopPHTIJGgvpMEfOf7wjyYKyHrc0fZ4bHY9g/VENwMKoRxGxTzSUL+HCKEyzuRen9ZJ0QIggXEeT2E62lTg=="
    }
  }
}
